{
  "name": "telegram-baileys-bot",
  "version": "1.0.0",
  "lockfileVersion": 3,
  "requires": true,
  "packages": {
    "": {
      "name": "telegram-baileys-bot",
      "version": "1.0.0",
      "license": "ISC",
      "dependencies": {
        "@whiskeysockets/baileys": "^6.5.0",
        "node-telegram-bot-api": "^0.64.0",
        "pino": "^8.16.0",
        "qrcode": "^1.5.3",
        "figlet": "^1.6.0",
        "express": "^4.18.2"
      }
    },
    "node_modules/@whiskeysockets/baileys": {
      "version": "6.5.0",
      "resolved": "https://registry.npmjs.org/@whiskeysockets/baileys/-/baileys-6.5.0.tgz",
      "integrity": "sha512-8h9lH4zUVEja8m0mUvP+jH8L6yp0c8l0DJ8TP8MHqzWN1SFp9GxOGCXPx2hQhJ8FWnEWpo9dpxA0PP9KyZL5g=="
    },
    "node_modules/node-telegram-bot-api": {
      "version": "0.64.0",
      "resolved": "https://registry.npmjs.org/node-telegram-bot-api/-/node-telegram-bot-api-0.64.0.tgz",
      "integrity": "sha512-s0On4NJjRwGkpi2f6cJ4/Rwm5c8KGzODaOV0f+BzEyr9lh5vcstiqzC1AX2bsNUwrA7uT6zWPf5PuB0H9AJxQ=="
    },
    "node_modules/pino": {
      "version": "8.16.0",
      "resolved": "https://registry.npmjs.org/pino/-/pino-8.16.0.tgz",
      "integrity": "sha512-JX1gmRDBY5H0aEEGH9Vs5P7yq5ZXbDHH8j5K3PCVpXHlmB8gZ8DjvwpGN4GhvvyX5i4bVJR5fDaJ4/oVFfFyw=="
    },
    "node_modules/qrcode": {
      "version": "1.5.3",
      "resolved": "https://registry.npmjs.org/qrcode/-/qrcode-1.5.3.tgz",
      "integrity": "sha512-puyri6ZvB8O5T8GU6wT1VMT7RyozY0VEA8gF1k6Z0UJ7hTr0wLykP7R3odzH1HN6K7LYFzPP3j3S8hEe1Yh2g=="
    },
    "node_modules/figlet": {
      "version": "1.6.0",
      "resolved": "https://registry.npmjs.org/figlet/-/figlet-1.6.0.tgz",
      "integrity": "sha512-31EQGhCEITv6+hi5UpdJG5V5C2CKHU1nHqJ6UAk/uxE9Q5V5dtCZEcXhvv6IbhYztH6bJ+6Qq0O0YQM6LoGYw=="
    },
    "node_modules/express": {
      "version": "4.18.2",
      "resolved": "https://registry.npmjs.org/express/-/express-4.18.2.tgz",
      "integrity": "sha512-5/PsL6iGPdfQ/lKM1UuielYgv3BUoJfz1aUwU9vHZ+J7gyvwdQXFEBIEIaxeGf0GIcreATNyBExtalisDbuMqQ=="
    }
  }
}
